// !$*UTF8*$!
{
	archiveVersion = 1;
	classes = {
	};
	objectVersion = 56;
	objects = {

/* Begin PBXBuildFile section */
		DE80A73829E7590900C842EE /* AppDelegate.swift in Sources */ = {isa = PBXBuildFile; fileRef = DE80A73729E7590900C842EE /* AppDelegate.swift */; };
		DE80A73A29E7590900C842EE /* SceneDelegate.swift in Sources */ = {isa = PBXBuildFile; fileRef = DE80A73929E7590900C842EE /* SceneDelegate.swift */; };
		DE80A73C29E7590900C842EE /* ViewController.swift in Sources */ = {isa = PBXBuildFile; fileRef = DE80A73B29E7590900C842EE /* ViewController.swift */; };
		DE80A73F29E7590900C842EE /* Main.storyboard in Resources */ = {isa = PBXBuildFile; fileRef = DE80A73D29E7590900C842EE /* Main.storyboard */; };
		DE80A74129E7590A00C842EE /* Assets.xcassets in Resources */ = {isa = PBXBuildFile; fileRef = DE80A74029E7590A00C842EE /* Assets.xcassets */; };
		DE80A74429E7590A00C842EE /* LaunchScreen.storyboard in Resources */ = {isa = PBXBuildFile; fileRef = DE80A74229E7590A00C842EE /* LaunchScreen.storyboard */; };
		DE80A76A29E75A4A00C842EE /* EssentialFeed_KaiLearning.framework in Frameworks */ = {isa = PBXBuildFile; fileRef = DE80A76829E75A4A00C842EE /* EssentialFeed_KaiLearning.framework */; };
		DE80A76B29E75A4A00C842EE /* EssentialFeed_KaiLearning.framework in Embed Frameworks */ = {isa = PBXBuildFile; fileRef = DE80A76829E75A4A00C842EE /* EssentialFeed_KaiLearning.framework */; settings = {ATTRIBUTES = (CodeSignOnCopy, RemoveHeadersOnCopy, ); }; };
		DE80A76C29E75A4A00C842EE /* EssentialFeediOS.framework in Frameworks */ = {isa = PBXBuildFile; fileRef = DE80A76929E75A4A00C842EE /* EssentialFeediOS.framework */; };
		DE80A76D29E75A4A00C842EE /* EssentialFeediOS.framework in Embed Frameworks */ = {isa = PBXBuildFile; fileRef = DE80A76929E75A4A00C842EE /* EssentialFeediOS.framework */; settings = {ATTRIBUTES = (CodeSignOnCopy, RemoveHeadersOnCopy, ); }; };
		DE80A77029E769CE00C842EE /* FeedLoaderWithFallbackCompositeTests.swift in Sources */ = {isa = PBXBuildFile; fileRef = DE80A76F29E769CE00C842EE /* FeedLoaderWithFallbackCompositeTests.swift */; };
		DE80A77229E8AB6C00C842EE /* FeedLoaderWithFallbackComposite.swift in Sources */ = {isa = PBXBuildFile; fileRef = DE80A77129E8AB6C00C842EE /* FeedLoaderWithFallbackComposite.swift */; };
		DE80A77529E8BD3900C842EE /* FeedImageDataLoaderWithFallbackCompositeTests.swift in Sources */ = {isa = PBXBuildFile; fileRef = DE80A77329E8BD2C00C842EE /* FeedImageDataLoaderWithFallbackCompositeTests.swift */; };
		DE80A77729E8F4EB00C842EE /* FeedImageDataLoaderWithFallbackComposite.swift in Sources */ = {isa = PBXBuildFile; fileRef = DE80A77629E8F4EB00C842EE /* FeedImageDataLoaderWithFallbackComposite.swift */; };
		DE80A77A29E8F58600C842EE /* XCTestCase+MemoryLeakTracking.swift in Sources */ = {isa = PBXBuildFile; fileRef = DE80A77929E8F58600C842EE /* XCTestCase+MemoryLeakTracking.swift */; };
		DE80A77C29E8F5EB00C842EE /* SharedTestHelpers.swift in Sources */ = {isa = PBXBuildFile; fileRef = DE80A77B29E8F5EB00C842EE /* SharedTestHelpers.swift */; };
		DE80A77E29E924F200C842EE /* FeedLoaderCacheDecoratorTests.swift in Sources */ = {isa = PBXBuildFile; fileRef = DE80A77D29E924F200C842EE /* FeedLoaderCacheDecoratorTests.swift */; };
		DE80A78029E927F600C842EE /* FeedLoaderStub.swift in Sources */ = {isa = PBXBuildFile; fileRef = DE80A77F29E927F600C842EE /* FeedLoaderStub.swift */; };
		DE80A78229E92A1D00C842EE /* XCTestCase+FeedLoader.swift in Sources */ = {isa = PBXBuildFile; fileRef = DE80A78129E92A1D00C842EE /* XCTestCase+FeedLoader.swift */; };
		DE80A78629E9332400C842EE /* FeedLoaderCacheDecorator.swift in Sources */ = {isa = PBXBuildFile; fileRef = DE80A78529E9332400C842EE /* FeedLoaderCacheDecorator.swift */; };
		DE80A78829E933FA00C842EE /* FeedImageDataLoaderCacheDecoratorTests.swift in Sources */ = {isa = PBXBuildFile; fileRef = DE80A78729E933FA00C842EE /* FeedImageDataLoaderCacheDecoratorTests.swift */; };
		DE80A78A29E9366E00C842EE /* FeedImageDataLoaderSpy.swift in Sources */ = {isa = PBXBuildFile; fileRef = DE80A78929E9366E00C842EE /* FeedImageDataLoaderSpy.swift */; };
		DE80A78C29E9378E00C842EE /* XCTestCase+FeedImageDataLoader.swift in Sources */ = {isa = PBXBuildFile; fileRef = DE80A78B29E9378E00C842EE /* XCTestCase+FeedImageDataLoader.swift */; };
		DE80A79029E943E200C842EE /* FeedImageDataLoaderCacheDecorator.swift in Sources */ = {isa = PBXBuildFile; fileRef = DE80A78F29E943E200C842EE /* FeedImageDataLoaderCacheDecorator.swift */; };
		DEE5EAA329EB674C000C9A21 /* SceneDelegateTests.swift in Sources */ = {isa = PBXBuildFile; fileRef = DEE5EAA229EB674C000C9A21 /* SceneDelegateTests.swift */; };
		DEE5EAAA29EDF720000C9A21 /* WeakRefVirtualProxy.swift in Sources */ = {isa = PBXBuildFile; fileRef = DEE5EAA429EDF71F000C9A21 /* WeakRefVirtualProxy.swift */; };
		DEE5EAAB29EDF720000C9A21 /* FeedViewAdapter.swift in Sources */ = {isa = PBXBuildFile; fileRef = DEE5EAA529EDF71F000C9A21 /* FeedViewAdapter.swift */; };
		DEE5EAAC29EDF720000C9A21 /* FeedLoaderPresentationAdapter.swift in Sources */ = {isa = PBXBuildFile; fileRef = DEE5EAA629EDF71F000C9A21 /* FeedLoaderPresentationAdapter.swift */; };
		DEE5EAAD29EDF720000C9A21 /* FeedUIComposer.swift .swift in Sources */ = {isa = PBXBuildFile; fileRef = DEE5EAA729EDF71F000C9A21 /* FeedUIComposer.swift .swift */; };
		DEE5EAAE29EDF720000C9A21 /* FeedImageDataLoaderPresentationAdapter.swift in Sources */ = {isa = PBXBuildFile; fileRef = DEE5EAA829EDF71F000C9A21 /* FeedImageDataLoaderPresentationAdapter.swift */; };
		DEE5EAAF29EDF720000C9A21 /* MainQueueDispatchDecorator.swift in Sources */ = {isa = PBXBuildFile; fileRef = DEE5EAA929EDF720000C9A21 /* MainQueueDispatchDecorator.swift */; };
		DEE5EAB529EDF822000C9A21 /* UIControl+TestHelpers.swift in Sources */ = {isa = PBXBuildFile; fileRef = DEE5EAB029EDF821000C9A21 /* UIControl+TestHelpers.swift */; };
		DEE5EAB629EDF822000C9A21 /* FeedImageCell+TestHelpers.swift in Sources */ = {isa = PBXBuildFile; fileRef = DEE5EAB129EDF821000C9A21 /* FeedImageCell+TestHelpers.swift */; };
		DEE5EAB729EDF822000C9A21 /* UIImage+TestHelpers.swift in Sources */ = {isa = PBXBuildFile; fileRef = DEE5EAB229EDF821000C9A21 /* UIImage+TestHelpers.swift */; };
		DEE5EAB829EDF822000C9A21 /* UIButton+TestHelpers.swift in Sources */ = {isa = PBXBuildFile; fileRef = DEE5EAB329EDF822000C9A21 /* UIButton+TestHelpers.swift */; };
		DEE5EAB929EDF822000C9A21 /* UIRefreshControl+TestHelpers.swift .swift in Sources */ = {isa = PBXBuildFile; fileRef = DEE5EAB429EDF822000C9A21 /* UIRefreshControl+TestHelpers.swift .swift */; };
		DEE5EABE29EDF831000C9A21 /* FeedUIIntegrationTests+Localization.swift in Sources */ = {isa = PBXBuildFile; fileRef = DEE5EABA29EDF831000C9A21 /* FeedUIIntegrationTests+Localization.swift */; };
		DEE5EABF29EDF831000C9A21 /* FeedUIIntegrationTests+Assertions.swift in Sources */ = {isa = PBXBuildFile; fileRef = DEE5EABB29EDF831000C9A21 /* FeedUIIntegrationTests+Assertions.swift */; };
		DEE5EAC029EDF831000C9A21 /* FeedViewController+TestHelpers.swift in Sources */ = {isa = PBXBuildFile; fileRef = DEE5EABC29EDF831000C9A21 /* FeedViewController+TestHelpers.swift */; };
		DEE5EAC129EDF831000C9A21 /* FeedUIIntegrationTests+LoaderSpy.swift in Sources */ = {isa = PBXBuildFile; fileRef = DEE5EABD29EDF831000C9A21 /* FeedUIIntegrationTests+LoaderSpy.swift */; };
		DEE5EAC329EDF85E000C9A21 /* FeedUIIntegrationTests.swift in Sources */ = {isa = PBXBuildFile; fileRef = DEE5EAC229EDF85E000C9A21 /* FeedUIIntegrationTests.swift */; };
		DEE5EAC529EE007C000C9A21 /* FeedAcceptanceTests.swift in Sources */ = {isa = PBXBuildFile; fileRef = DEE5EAC429EE007C000C9A21 /* FeedAcceptanceTests.swift */; };
		DEE5EAC729EE75F7000C9A21 /* HTTPClientStub.swift in Sources */ = {isa = PBXBuildFile; fileRef = DEE5EAC629EE75F7000C9A21 /* HTTPClientStub.swift */; };
		DEE5EAC929EE7646000C9A21 /* InMemoryFeedStore.swift in Sources */ = {isa = PBXBuildFile; fileRef = DEE5EAC829EE7646000C9A21 /* InMemoryFeedStore.swift */; };
		DEE5EAD629F0DA7E000C9A21 /* UIView+TestHelpers.swift in Sources */ = {isa = PBXBuildFile; fileRef = DEE5EAD529F0DA7E000C9A21 /* UIView+TestHelpers.swift */; };
/* End PBXBuildFile section */

/* Begin PBXContainerItemProxy section */
		DE80A74B29E7590A00C842EE /* PBXContainerItemProxy */ = {
			isa = PBXContainerItemProxy;
			containerPortal = DE80A72C29E7590900C842EE /* Project object */;
			proxyType = 1;
			remoteGlobalIDString = DE80A73329E7590900C842EE;
			remoteInfo = EssentialApp;
		};
/* End PBXContainerItemProxy section */

/* Begin PBXCopyFilesBuildPhase section */
		DE80A76E29E75A4A00C842EE /* Embed Frameworks */ = {
			isa = PBXCopyFilesBuildPhase;
			buildActionMask = 2147483647;
			dstPath = "";
			dstSubfolderSpec = 10;
			files = (
				DE80A76B29E75A4A00C842EE /* EssentialFeed_KaiLearning.framework in Embed Frameworks */,
				DE80A76D29E75A4A00C842EE /* EssentialFeediOS.framework in Embed Frameworks */,
			);
			name = "Embed Frameworks";
			runOnlyForDeploymentPostprocessing = 0;
		};
/* End PBXCopyFilesBuildPhase section */

/* Begin PBXFileReference section */
		DE80A73429E7590900C842EE /* EssentialApp.app */ = {isa = PBXFileReference; explicitFileType = wrapper.application; includeInIndex = 0; path = EssentialApp.app; sourceTree = BUILT_PRODUCTS_DIR; };
		DE80A73729E7590900C842EE /* AppDelegate.swift */ = {isa = PBXFileReference; lastKnownFileType = sourcecode.swift; path = AppDelegate.swift; sourceTree = "<group>"; };
		DE80A73929E7590900C842EE /* SceneDelegate.swift */ = {isa = PBXFileReference; lastKnownFileType = sourcecode.swift; path = SceneDelegate.swift; sourceTree = "<group>"; };
		DE80A73B29E7590900C842EE /* ViewController.swift */ = {isa = PBXFileReference; lastKnownFileType = sourcecode.swift; path = ViewController.swift; sourceTree = "<group>"; };
		DE80A73E29E7590900C842EE /* Base */ = {isa = PBXFileReference; lastKnownFileType = file.storyboard; name = Base; path = Base.lproj/Main.storyboard; sourceTree = "<group>"; };
		DE80A74029E7590A00C842EE /* Assets.xcassets */ = {isa = PBXFileReference; lastKnownFileType = folder.assetcatalog; path = Assets.xcassets; sourceTree = "<group>"; };
		DE80A74329E7590A00C842EE /* Base */ = {isa = PBXFileReference; lastKnownFileType = file.storyboard; name = Base; path = Base.lproj/LaunchScreen.storyboard; sourceTree = "<group>"; };
		DE80A74529E7590A00C842EE /* Info.plist */ = {isa = PBXFileReference; lastKnownFileType = text.plist.xml; path = Info.plist; sourceTree = "<group>"; };
		DE80A74A29E7590A00C842EE /* EssentialAppTests.xctest */ = {isa = PBXFileReference; explicitFileType = wrapper.cfbundle; includeInIndex = 0; path = EssentialAppTests.xctest; sourceTree = BUILT_PRODUCTS_DIR; };
		DE80A76829E75A4A00C842EE /* EssentialFeed_KaiLearning.framework */ = {isa = PBXFileReference; explicitFileType = wrapper.framework; path = EssentialFeed_KaiLearning.framework; sourceTree = BUILT_PRODUCTS_DIR; };
		DE80A76929E75A4A00C842EE /* EssentialFeediOS.framework */ = {isa = PBXFileReference; explicitFileType = wrapper.framework; path = EssentialFeediOS.framework; sourceTree = BUILT_PRODUCTS_DIR; };
		DE80A76F29E769CE00C842EE /* FeedLoaderWithFallbackCompositeTests.swift */ = {isa = PBXFileReference; lastKnownFileType = sourcecode.swift; path = FeedLoaderWithFallbackCompositeTests.swift; sourceTree = "<group>"; };
		DE80A77129E8AB6C00C842EE /* FeedLoaderWithFallbackComposite.swift */ = {isa = PBXFileReference; lastKnownFileType = sourcecode.swift; path = FeedLoaderWithFallbackComposite.swift; sourceTree = "<group>"; };
		DE80A77329E8BD2C00C842EE /* FeedImageDataLoaderWithFallbackCompositeTests.swift */ = {isa = PBXFileReference; lastKnownFileType = sourcecode.swift; path = FeedImageDataLoaderWithFallbackCompositeTests.swift; sourceTree = "<group>"; };
		DE80A77629E8F4EB00C842EE /* FeedImageDataLoaderWithFallbackComposite.swift */ = {isa = PBXFileReference; lastKnownFileType = sourcecode.swift; path = FeedImageDataLoaderWithFallbackComposite.swift; sourceTree = "<group>"; };
		DE80A77929E8F58600C842EE /* XCTestCase+MemoryLeakTracking.swift */ = {isa = PBXFileReference; lastKnownFileType = sourcecode.swift; path = "XCTestCase+MemoryLeakTracking.swift"; sourceTree = "<group>"; };
		DE80A77B29E8F5EB00C842EE /* SharedTestHelpers.swift */ = {isa = PBXFileReference; lastKnownFileType = sourcecode.swift; path = SharedTestHelpers.swift; sourceTree = "<group>"; };
		DE80A77D29E924F200C842EE /* FeedLoaderCacheDecoratorTests.swift */ = {isa = PBXFileReference; lastKnownFileType = sourcecode.swift; path = FeedLoaderCacheDecoratorTests.swift; sourceTree = "<group>"; };
		DE80A77F29E927F600C842EE /* FeedLoaderStub.swift */ = {isa = PBXFileReference; lastKnownFileType = sourcecode.swift; path = FeedLoaderStub.swift; sourceTree = "<group>"; };
		DE80A78129E92A1D00C842EE /* XCTestCase+FeedLoader.swift */ = {isa = PBXFileReference; lastKnownFileType = sourcecode.swift; path = "XCTestCase+FeedLoader.swift"; sourceTree = "<group>"; };
		DE80A78529E9332400C842EE /* FeedLoaderCacheDecorator.swift */ = {isa = PBXFileReference; lastKnownFileType = sourcecode.swift; path = FeedLoaderCacheDecorator.swift; sourceTree = "<group>"; };
		DE80A78729E933FA00C842EE /* FeedImageDataLoaderCacheDecoratorTests.swift */ = {isa = PBXFileReference; lastKnownFileType = sourcecode.swift; path = FeedImageDataLoaderCacheDecoratorTests.swift; sourceTree = "<group>"; };
		DE80A78929E9366E00C842EE /* FeedImageDataLoaderSpy.swift */ = {isa = PBXFileReference; lastKnownFileType = sourcecode.swift; path = FeedImageDataLoaderSpy.swift; sourceTree = "<group>"; };
		DE80A78B29E9378E00C842EE /* XCTestCase+FeedImageDataLoader.swift */ = {isa = PBXFileReference; lastKnownFileType = sourcecode.swift; path = "XCTestCase+FeedImageDataLoader.swift"; sourceTree = "<group>"; };
		DE80A78F29E943E200C842EE /* FeedImageDataLoaderCacheDecorator.swift */ = {isa = PBXFileReference; lastKnownFileType = sourcecode.swift; path = FeedImageDataLoaderCacheDecorator.swift; sourceTree = "<group>"; };
		DEE5EAA229EB674C000C9A21 /* SceneDelegateTests.swift */ = {isa = PBXFileReference; lastKnownFileType = sourcecode.swift; path = SceneDelegateTests.swift; sourceTree = "<group>"; };
		DEE5EAA429EDF71F000C9A21 /* WeakRefVirtualProxy.swift */ = {isa = PBXFileReference; fileEncoding = 4; lastKnownFileType = sourcecode.swift; path = WeakRefVirtualProxy.swift; sourceTree = "<group>"; };
		DEE5EAA529EDF71F000C9A21 /* FeedViewAdapter.swift */ = {isa = PBXFileReference; fileEncoding = 4; lastKnownFileType = sourcecode.swift; path = FeedViewAdapter.swift; sourceTree = "<group>"; };
		DEE5EAA629EDF71F000C9A21 /* FeedLoaderPresentationAdapter.swift */ = {isa = PBXFileReference; fileEncoding = 4; lastKnownFileType = sourcecode.swift; path = FeedLoaderPresentationAdapter.swift; sourceTree = "<group>"; };
		DEE5EAA729EDF71F000C9A21 /* FeedUIComposer.swift .swift */ = {isa = PBXFileReference; fileEncoding = 4; lastKnownFileType = sourcecode.swift; path = "FeedUIComposer.swift .swift"; sourceTree = "<group>"; };
		DEE5EAA829EDF71F000C9A21 /* FeedImageDataLoaderPresentationAdapter.swift */ = {isa = PBXFileReference; fileEncoding = 4; lastKnownFileType = sourcecode.swift; path = FeedImageDataLoaderPresentationAdapter.swift; sourceTree = "<group>"; };
		DEE5EAA929EDF720000C9A21 /* MainQueueDispatchDecorator.swift */ = {isa = PBXFileReference; fileEncoding = 4; lastKnownFileType = sourcecode.swift; path = MainQueueDispatchDecorator.swift; sourceTree = "<group>"; };
		DEE5EAB029EDF821000C9A21 /* UIControl+TestHelpers.swift */ = {isa = PBXFileReference; fileEncoding = 4; lastKnownFileType = sourcecode.swift; path = "UIControl+TestHelpers.swift"; sourceTree = "<group>"; };
		DEE5EAB129EDF821000C9A21 /* FeedImageCell+TestHelpers.swift */ = {isa = PBXFileReference; fileEncoding = 4; lastKnownFileType = sourcecode.swift; path = "FeedImageCell+TestHelpers.swift"; sourceTree = "<group>"; };
		DEE5EAB229EDF821000C9A21 /* UIImage+TestHelpers.swift */ = {isa = PBXFileReference; fileEncoding = 4; lastKnownFileType = sourcecode.swift; path = "UIImage+TestHelpers.swift"; sourceTree = "<group>"; };
		DEE5EAB329EDF822000C9A21 /* UIButton+TestHelpers.swift */ = {isa = PBXFileReference; fileEncoding = 4; lastKnownFileType = sourcecode.swift; path = "UIButton+TestHelpers.swift"; sourceTree = "<group>"; };
		DEE5EAB429EDF822000C9A21 /* UIRefreshControl+TestHelpers.swift .swift */ = {isa = PBXFileReference; fileEncoding = 4; lastKnownFileType = sourcecode.swift; path = "UIRefreshControl+TestHelpers.swift .swift"; sourceTree = "<group>"; };
		DEE5EABA29EDF831000C9A21 /* FeedUIIntegrationTests+Localization.swift */ = {isa = PBXFileReference; fileEncoding = 4; lastKnownFileType = sourcecode.swift; path = "FeedUIIntegrationTests+Localization.swift"; sourceTree = "<group>"; };
		DEE5EABB29EDF831000C9A21 /* FeedUIIntegrationTests+Assertions.swift */ = {isa = PBXFileReference; fileEncoding = 4; lastKnownFileType = sourcecode.swift; path = "FeedUIIntegrationTests+Assertions.swift"; sourceTree = "<group>"; };
		DEE5EABC29EDF831000C9A21 /* FeedViewController+TestHelpers.swift */ = {isa = PBXFileReference; fileEncoding = 4; lastKnownFileType = sourcecode.swift; path = "FeedViewController+TestHelpers.swift"; sourceTree = "<group>"; };
		DEE5EABD29EDF831000C9A21 /* FeedUIIntegrationTests+LoaderSpy.swift */ = {isa = PBXFileReference; fileEncoding = 4; lastKnownFileType = sourcecode.swift; path = "FeedUIIntegrationTests+LoaderSpy.swift"; sourceTree = "<group>"; };
		DEE5EAC229EDF85E000C9A21 /* FeedUIIntegrationTests.swift */ = {isa = PBXFileReference; fileEncoding = 4; lastKnownFileType = sourcecode.swift; path = FeedUIIntegrationTests.swift; sourceTree = "<group>"; };
		DEE5EAC429EE007C000C9A21 /* FeedAcceptanceTests.swift */ = {isa = PBXFileReference; lastKnownFileType = sourcecode.swift; path = FeedAcceptanceTests.swift; sourceTree = "<group>"; };
		DEE5EAC629EE75F7000C9A21 /* HTTPClientStub.swift */ = {isa = PBXFileReference; lastKnownFileType = sourcecode.swift; path = HTTPClientStub.swift; sourceTree = "<group>"; };
		DEE5EAC829EE7646000C9A21 /* InMemoryFeedStore.swift */ = {isa = PBXFileReference; lastKnownFileType = sourcecode.swift; path = InMemoryFeedStore.swift; sourceTree = "<group>"; };
		DEE5EAD529F0DA7E000C9A21 /* UIView+TestHelpers.swift */ = {isa = PBXFileReference; lastKnownFileType = sourcecode.swift; path = "UIView+TestHelpers.swift"; sourceTree = "<group>"; };
/* End PBXFileReference section */

/* Begin PBXFrameworksBuildPhase section */
		DE80A73129E7590900C842EE /* Frameworks */ = {
			isa = PBXFrameworksBuildPhase;
			buildActionMask = 2147483647;
			files = (
				DE80A76A29E75A4A00C842EE /* EssentialFeed_KaiLearning.framework in Frameworks */,
				DE80A76C29E75A4A00C842EE /* EssentialFeediOS.framework in Frameworks */,
			);
			runOnlyForDeploymentPostprocessing = 0;
		};
		DE80A74729E7590A00C842EE /* Frameworks */ = {
			isa = PBXFrameworksBuildPhase;
			buildActionMask = 2147483647;
			files = (
			);
			runOnlyForDeploymentPostprocessing = 0;
		};
/* End PBXFrameworksBuildPhase section */

/* Begin PBXGroup section */
		DE80A72B29E7590900C842EE = {
			isa = PBXGroup;
			children = (
				DE80A73629E7590900C842EE /* EssentialApp */,
				DE80A74D29E7590A00C842EE /* EssentialAppTests */,
				DE80A73529E7590900C842EE /* Products */,
				DE80A76729E75A4A00C842EE /* Frameworks */,
			);
			sourceTree = "<group>";
		};
		DE80A73529E7590900C842EE /* Products */ = {
			isa = PBXGroup;
			children = (
				DE80A73429E7590900C842EE /* EssentialApp.app */,
				DE80A74A29E7590A00C842EE /* EssentialAppTests.xctest */,
			);
			name = Products;
			sourceTree = "<group>";
		};
		DE80A73629E7590900C842EE /* EssentialApp */ = {
			isa = PBXGroup;
			children = (
				DE80A73729E7590900C842EE /* AppDelegate.swift */,
				DE80A73929E7590900C842EE /* SceneDelegate.swift */,
				DEE5EAA729EDF71F000C9A21 /* FeedUIComposer.swift .swift */,
				DEE5EAA529EDF71F000C9A21 /* FeedViewAdapter.swift */,
				DEE5EAA629EDF71F000C9A21 /* FeedLoaderPresentationAdapter.swift */,
				DEE5EAA829EDF71F000C9A21 /* FeedImageDataLoaderPresentationAdapter.swift */,
				DEE5EAA929EDF720000C9A21 /* MainQueueDispatchDecorator.swift */,
				DEE5EAA429EDF71F000C9A21 /* WeakRefVirtualProxy.swift */,
				DE80A73B29E7590900C842EE /* ViewController.swift */,
				DE80A77129E8AB6C00C842EE /* FeedLoaderWithFallbackComposite.swift */,
				DE80A77629E8F4EB00C842EE /* FeedImageDataLoaderWithFallbackComposite.swift */,
				DE80A78529E9332400C842EE /* FeedLoaderCacheDecorator.swift */,
				DE80A78F29E943E200C842EE /* FeedImageDataLoaderCacheDecorator.swift */,
				DE80A73D29E7590900C842EE /* Main.storyboard */,
				DE80A74029E7590A00C842EE /* Assets.xcassets */,
				DE80A74229E7590A00C842EE /* LaunchScreen.storyboard */,
				DE80A74529E7590A00C842EE /* Info.plist */,
			);
			path = EssentialApp;
			sourceTree = "<group>";
		};
		DE80A74D29E7590A00C842EE /* EssentialAppTests */ = {
			isa = PBXGroup;
			children = (
				DE80A77829E8F56000C842EE /* Helpers */,
				DEE5EAA229EB674C000C9A21 /* SceneDelegateTests.swift */,
				DEE5EAC229EDF85E000C9A21 /* FeedUIIntegrationTests.swift */,
				DE80A76F29E769CE00C842EE /* FeedLoaderWithFallbackCompositeTests.swift */,
				DE80A77329E8BD2C00C842EE /* FeedImageDataLoaderWithFallbackCompositeTests.swift */,
				DE80A77D29E924F200C842EE /* FeedLoaderCacheDecoratorTests.swift */,
				DE80A78729E933FA00C842EE /* FeedImageDataLoaderCacheDecoratorTests.swift */,
				DEE5EAC429EE007C000C9A21 /* FeedAcceptanceTests.swift */,
			);
			path = EssentialAppTests;
			sourceTree = "<group>";
		};
		DE80A76729E75A4A00C842EE /* Frameworks */ = {
			isa = PBXGroup;
			children = (
				DE80A76829E75A4A00C842EE /* EssentialFeed_KaiLearning.framework */,
				DE80A76929E75A4A00C842EE /* EssentialFeediOS.framework */,
			);
			name = Frameworks;
			sourceTree = "<group>";
		};
		DE80A77829E8F56000C842EE /* Helpers */ = {
			isa = PBXGroup;
			children = (
				DEE5EABC29EDF831000C9A21 /* FeedViewController+TestHelpers.swift */,
				DEE5EABD29EDF831000C9A21 /* FeedUIIntegrationTests+LoaderSpy.swift */,
				DEE5EABB29EDF831000C9A21 /* FeedUIIntegrationTests+Assertions.swift */,
				DEE5EAD529F0DA7E000C9A21 /* UIView+TestHelpers.swift */,
				DEE5EABA29EDF831000C9A21 /* FeedUIIntegrationTests+Localization.swift */,
				DEE5EAB129EDF821000C9A21 /* FeedImageCell+TestHelpers.swift */,
				DEE5EAB229EDF821000C9A21 /* UIImage+TestHelpers.swift */,
				DEE5EAB429EDF822000C9A21 /* UIRefreshControl+TestHelpers.swift .swift */,
				DEE5EAB329EDF822000C9A21 /* UIButton+TestHelpers.swift */,
				DEE5EAB029EDF821000C9A21 /* UIControl+TestHelpers.swift */,
				DE80A77929E8F58600C842EE /* XCTestCase+MemoryLeakTracking.swift */,
				DE80A77B29E8F5EB00C842EE /* SharedTestHelpers.swift */,
				DE80A77F29E927F600C842EE /* FeedLoaderStub.swift */,
				DE80A78929E9366E00C842EE /* FeedImageDataLoaderSpy.swift */,
				DE80A78129E92A1D00C842EE /* XCTestCase+FeedLoader.swift */,
				DE80A78B29E9378E00C842EE /* XCTestCase+FeedImageDataLoader.swift */,
				DEE5EAC629EE75F7000C9A21 /* HTTPClientStub.swift */,
				DEE5EAC829EE7646000C9A21 /* InMemoryFeedStore.swift */,
			);
			path = Helpers;
			sourceTree = "<group>";
		};
/* End PBXGroup section */

/* Begin PBXNativeTarget section */
		DE80A73329E7590900C842EE /* EssentialApp */ = {
			isa = PBXNativeTarget;
			buildConfigurationList = DE80A75E29E7590A00C842EE /* Build configuration list for PBXNativeTarget "EssentialApp" */;
			buildPhases = (
				DE80A73029E7590900C842EE /* Sources */,
				DE80A73129E7590900C842EE /* Frameworks */,
				DE80A73229E7590900C842EE /* Resources */,
				DE80A76E29E75A4A00C842EE /* Embed Frameworks */,
			);
			buildRules = (
			);
			dependencies = (
			);
			name = EssentialApp;
			productName = EssentialApp;
			productReference = DE80A73429E7590900C842EE /* EssentialApp.app */;
			productType = "com.apple.product-type.application";
		};
		DE80A74929E7590A00C842EE /* EssentialAppTests */ = {
			isa = PBXNativeTarget;
			buildConfigurationList = DE80A76129E7590A00C842EE /* Build configuration list for PBXNativeTarget "EssentialAppTests" */;
			buildPhases = (
				DE80A74629E7590A00C842EE /* Sources */,
				DE80A74729E7590A00C842EE /* Frameworks */,
				DE80A74829E7590A00C842EE /* Resources */,
			);
			buildRules = (
			);
			dependencies = (
				DE80A74C29E7590A00C842EE /* PBXTargetDependency */,
			);
			name = EssentialAppTests;
			productName = EssentialAppTests;
			productReference = DE80A74A29E7590A00C842EE /* EssentialAppTests.xctest */;
			productType = "com.apple.product-type.bundle.unit-test";
		};
/* End PBXNativeTarget section */

/* Begin PBXProject section */
		DE80A72C29E7590900C842EE /* Project object */ = {
			isa = PBXProject;
			attributes = {
				BuildIndependentTargetsInParallel = 1;
				LastSwiftUpdateCheck = 1420;
				LastUpgradeCheck = 1420;
				TargetAttributes = {
					DE80A73329E7590900C842EE = {
						CreatedOnToolsVersion = 14.2;
					};
					DE80A74929E7590A00C842EE = {
						CreatedOnToolsVersion = 14.2;
						LastSwiftMigration = 1420;
						TestTargetID = DE80A73329E7590900C842EE;
					};
				};
			};
			buildConfigurationList = DE80A72F29E7590900C842EE /* Build configuration list for PBXProject "EssentialApp" */;
			compatibilityVersion = "Xcode 14.0";
			developmentRegion = en;
			hasScannedForEncodings = 0;
			knownRegions = (
				en,
				Base,
			);
			mainGroup = DE80A72B29E7590900C842EE;
			productRefGroup = DE80A73529E7590900C842EE /* Products */;
			projectDirPath = "";
			projectRoot = "";
			targets = (
				DE80A73329E7590900C842EE /* EssentialApp */,
				DE80A74929E7590A00C842EE /* EssentialAppTests */,
			);
		};
/* End PBXProject section */

/* Begin PBXResourcesBuildPhase section */
		DE80A73229E7590900C842EE /* Resources */ = {
			isa = PBXResourcesBuildPhase;
			buildActionMask = 2147483647;
			files = (
				DE80A74429E7590A00C842EE /* LaunchScreen.storyboard in Resources */,
				DE80A74129E7590A00C842EE /* Assets.xcassets in Resources */,
				DE80A73F29E7590900C842EE /* Main.storyboard in Resources */,
			);
			runOnlyForDeploymentPostprocessing = 0;
		};
		DE80A74829E7590A00C842EE /* Resources */ = {
			isa = PBXResourcesBuildPhase;
			buildActionMask = 2147483647;
			files = (
			);
			runOnlyForDeploymentPostprocessing = 0;
		};
/* End PBXResourcesBuildPhase section */

/* Begin PBXSourcesBuildPhase section */
		DE80A73029E7590900C842EE /* Sources */ = {
			isa = PBXSourcesBuildPhase;
			buildActionMask = 2147483647;
			files = (
				DEE5EAAC29EDF720000C9A21 /* FeedLoaderPresentationAdapter.swift in Sources */,
				DEE5EAAE29EDF720000C9A21 /* FeedImageDataLoaderPresentationAdapter.swift in Sources */,
				DE80A73C29E7590900C842EE /* ViewController.swift in Sources */,
				DE80A73829E7590900C842EE /* AppDelegate.swift in Sources */,
				DE80A77229E8AB6C00C842EE /* FeedLoaderWithFallbackComposite.swift in Sources */,
				DE80A78629E9332400C842EE /* FeedLoaderCacheDecorator.swift in Sources */,
				DEE5EAAB29EDF720000C9A21 /* FeedViewAdapter.swift in Sources */,
				DEE5EAAF29EDF720000C9A21 /* MainQueueDispatchDecorator.swift in Sources */,
				DE80A73A29E7590900C842EE /* SceneDelegate.swift in Sources */,
				DE80A77729E8F4EB00C842EE /* FeedImageDataLoaderWithFallbackComposite.swift in Sources */,
				DEE5EAAA29EDF720000C9A21 /* WeakRefVirtualProxy.swift in Sources */,
				DE80A79029E943E200C842EE /* FeedImageDataLoaderCacheDecorator.swift in Sources */,
				DEE5EAAD29EDF720000C9A21 /* FeedUIComposer.swift .swift in Sources */,
			);
			runOnlyForDeploymentPostprocessing = 0;
		};
		DE80A74629E7590A00C842EE /* Sources */ = {
			isa = PBXSourcesBuildPhase;
			buildActionMask = 2147483647;
			files = (
				DEE5EAC129EDF831000C9A21 /* FeedUIIntegrationTests+LoaderSpy.swift in Sources */,
				DE80A77C29E8F5EB00C842EE /* SharedTestHelpers.swift in Sources */,
				DEE5EABF29EDF831000C9A21 /* FeedUIIntegrationTests+Assertions.swift in Sources */,
				DE80A78829E933FA00C842EE /* FeedImageDataLoaderCacheDecoratorTests.swift in Sources */,
				DE80A78229E92A1D00C842EE /* XCTestCase+FeedLoader.swift in Sources */,
				DEE5EAB729EDF822000C9A21 /* UIImage+TestHelpers.swift in Sources */,
				DEE5EAB529EDF822000C9A21 /* UIControl+TestHelpers.swift in Sources */,
				DE80A78C29E9378E00C842EE /* XCTestCase+FeedImageDataLoader.swift in Sources */,
				DEE5EAA329EB674C000C9A21 /* SceneDelegateTests.swift in Sources */,
				DE80A77529E8BD3900C842EE /* FeedImageDataLoaderWithFallbackCompositeTests.swift in Sources */,
				DEE5EABE29EDF831000C9A21 /* FeedUIIntegrationTests+Localization.swift in Sources */,
				DEE5EAC929EE7646000C9A21 /* InMemoryFeedStore.swift in Sources */,
				DE80A78A29E9366E00C842EE /* FeedImageDataLoaderSpy.swift in Sources */,
				DE80A77029E769CE00C842EE /* FeedLoaderWithFallbackCompositeTests.swift in Sources */,
				DEE5EAB629EDF822000C9A21 /* FeedImageCell+TestHelpers.swift in Sources */,
				DEE5EAB929EDF822000C9A21 /* UIRefreshControl+TestHelpers.swift .swift in Sources */,
				DEE5EAC729EE75F7000C9A21 /* HTTPClientStub.swift in Sources */,
				DEE5EAB829EDF822000C9A21 /* UIButton+TestHelpers.swift in Sources */,
				DEE5EAD629F0DA7E000C9A21 /* UIView+TestHelpers.swift in Sources */,
				DEE5EAC029EDF831000C9A21 /* FeedViewController+TestHelpers.swift in Sources */,
				DE80A77E29E924F200C842EE /* FeedLoaderCacheDecoratorTests.swift in Sources */,
				DEE5EAC529EE007C000C9A21 /* FeedAcceptanceTests.swift in Sources */,
				DE80A78029E927F600C842EE /* FeedLoaderStub.swift in Sources */,
				DEE5EAC329EDF85E000C9A21 /* FeedUIIntegrationTests.swift in Sources */,
				DE80A77A29E8F58600C842EE /* XCTestCase+MemoryLeakTracking.swift in Sources */,
			);
			runOnlyForDeploymentPostprocessing = 0;
		};
/* End PBXSourcesBuildPhase section */

/* Begin PBXTargetDependency section */
		DE80A74C29E7590A00C842EE /* PBXTargetDependency */ = {
			isa = PBXTargetDependency;
			target = DE80A73329E7590900C842EE /* EssentialApp */;
			targetProxy = DE80A74B29E7590A00C842EE /* PBXContainerItemProxy */;
		};
/* End PBXTargetDependency section */

/* Begin PBXVariantGroup section */
		DE80A73D29E7590900C842EE /* Main.storyboard */ = {
			isa = PBXVariantGroup;
			children = (
				DE80A73E29E7590900C842EE /* Base */,
			);
			name = Main.storyboard;
			sourceTree = "<group>";
		};
		DE80A74229E7590A00C842EE /* LaunchScreen.storyboard */ = {
			isa = PBXVariantGroup;
			children = (
				DE80A74329E7590A00C842EE /* Base */,
			);
			name = LaunchScreen.storyboard;
			sourceTree = "<group>";
		};
/* End PBXVariantGroup section */

/* Begin XCBuildConfiguration section */
		DE80A75C29E7590A00C842EE /* Debug */ = {
			isa = XCBuildConfiguration;
			buildSettings = {
				ALWAYS_SEARCH_USER_PATHS = NO;
				CLANG_ANALYZER_NONNULL = YES;
				CLANG_ANALYZER_NUMBER_OBJECT_CONVERSION = YES_AGGRESSIVE;
				CLANG_CXX_LANGUAGE_STANDARD = "gnu++20";
				CLANG_ENABLE_MODULES = YES;
				CLANG_ENABLE_OBJC_ARC = YES;
				CLANG_ENABLE_OBJC_WEAK = YES;
				CLANG_WARN_BLOCK_CAPTURE_AUTORELEASING = YES;
				CLANG_WARN_BOOL_CONVERSION = YES;
				CLANG_WARN_COMMA = YES;
				CLANG_WARN_CONSTANT_CONVERSION = YES;
				CLANG_WARN_DEPRECATED_OBJC_IMPLEMENTATIONS = YES;
				CLANG_WARN_DIRECT_OBJC_ISA_USAGE = YES_ERROR;
				CLANG_WARN_DOCUMENTATION_COMMENTS = YES;
				CLANG_WARN_EMPTY_BODY = YES;
				CLANG_WARN_ENUM_CONVERSION = YES;
				CLANG_WARN_INFINITE_RECURSION = YES;
				CLANG_WARN_INT_CONVERSION = YES;
				CLANG_WARN_NON_LITERAL_NULL_CONVERSION = YES;
				CLANG_WARN_OBJC_IMPLICIT_RETAIN_SELF = YES;
				CLANG_WARN_OBJC_LITERAL_CONVERSION = YES;
				CLANG_WARN_OBJC_ROOT_CLASS = YES_ERROR;
				CLANG_WARN_QUOTED_INCLUDE_IN_FRAMEWORK_HEADER = YES;
				CLANG_WARN_RANGE_LOOP_ANALYSIS = YES;
				CLANG_WARN_STRICT_PROTOTYPES = YES;
				CLANG_WARN_SUSPICIOUS_MOVE = YES;
				CLANG_WARN_UNGUARDED_AVAILABILITY = YES_AGGRESSIVE;
				CLANG_WARN_UNREACHABLE_CODE = YES;
				CLANG_WARN__DUPLICATE_METHOD_MATCH = YES;
				COPY_PHASE_STRIP = NO;
				DEBUG_INFORMATION_FORMAT = dwarf;
				ENABLE_STRICT_OBJC_MSGSEND = YES;
				ENABLE_TESTABILITY = YES;
				GCC_C_LANGUAGE_STANDARD = gnu11;
				GCC_DYNAMIC_NO_PIC = NO;
				GCC_NO_COMMON_BLOCKS = YES;
				GCC_OPTIMIZATION_LEVEL = 0;
				GCC_PREPROCESSOR_DEFINITIONS = (
					"DEBUG=1",
					"$(inherited)",
				);
				GCC_WARN_64_TO_32_BIT_CONVERSION = YES;
				GCC_WARN_ABOUT_RETURN_TYPE = YES_ERROR;
				GCC_WARN_UNDECLARED_SELECTOR = YES;
				GCC_WARN_UNINITIALIZED_AUTOS = YES_AGGRESSIVE;
				GCC_WARN_UNUSED_FUNCTION = YES;
				GCC_WARN_UNUSED_VARIABLE = YES;
				IPHONEOS_DEPLOYMENT_TARGET = 16.2;
				MTL_ENABLE_DEBUG_INFO = INCLUDE_SOURCE;
				MTL_FAST_MATH = YES;
				ONLY_ACTIVE_ARCH = YES;
				SDKROOT = iphoneos;
				SWIFT_ACTIVE_COMPILATION_CONDITIONS = DEBUG;
				SWIFT_OPTIMIZATION_LEVEL = "-Onone";
			};
			name = Debug;
		};
		DE80A75D29E7590A00C842EE /* Release */ = {
			isa = XCBuildConfiguration;
			buildSettings = {
				ALWAYS_SEARCH_USER_PATHS = NO;
				CLANG_ANALYZER_NONNULL = YES;
				CLANG_ANALYZER_NUMBER_OBJECT_CONVERSION = YES_AGGRESSIVE;
				CLANG_CXX_LANGUAGE_STANDARD = "gnu++20";
				CLANG_ENABLE_MODULES = YES;
				CLANG_ENABLE_OBJC_ARC = YES;
				CLANG_ENABLE_OBJC_WEAK = YES;
				CLANG_WARN_BLOCK_CAPTURE_AUTORELEASING = YES;
				CLANG_WARN_BOOL_CONVERSION = YES;
				CLANG_WARN_COMMA = YES;
				CLANG_WARN_CONSTANT_CONVERSION = YES;
				CLANG_WARN_DEPRECATED_OBJC_IMPLEMENTATIONS = YES;
				CLANG_WARN_DIRECT_OBJC_ISA_USAGE = YES_ERROR;
				CLANG_WARN_DOCUMENTATION_COMMENTS = YES;
				CLANG_WARN_EMPTY_BODY = YES;
				CLANG_WARN_ENUM_CONVERSION = YES;
				CLANG_WARN_INFINITE_RECURSION = YES;
				CLANG_WARN_INT_CONVERSION = YES;
				CLANG_WARN_NON_LITERAL_NULL_CONVERSION = YES;
				CLANG_WARN_OBJC_IMPLICIT_RETAIN_SELF = YES;
				CLANG_WARN_OBJC_LITERAL_CONVERSION = YES;
				CLANG_WARN_OBJC_ROOT_CLASS = YES_ERROR;
				CLANG_WARN_QUOTED_INCLUDE_IN_FRAMEWORK_HEADER = YES;
				CLANG_WARN_RANGE_LOOP_ANALYSIS = YES;
				CLANG_WARN_STRICT_PROTOTYPES = YES;
				CLANG_WARN_SUSPICIOUS_MOVE = YES;
				CLANG_WARN_UNGUARDED_AVAILABILITY = YES_AGGRESSIVE;
				CLANG_WARN_UNREACHABLE_CODE = YES;
				CLANG_WARN__DUPLICATE_METHOD_MATCH = YES;
				COPY_PHASE_STRIP = NO;
				DEBUG_INFORMATION_FORMAT = "dwarf-with-dsym";
				ENABLE_NS_ASSERTIONS = NO;
				ENABLE_STRICT_OBJC_MSGSEND = YES;
				GCC_C_LANGUAGE_STANDARD = gnu11;
				GCC_NO_COMMON_BLOCKS = YES;
				GCC_WARN_64_TO_32_BIT_CONVERSION = YES;
				GCC_WARN_ABOUT_RETURN_TYPE = YES_ERROR;
				GCC_WARN_UNDECLARED_SELECTOR = YES;
				GCC_WARN_UNINITIALIZED_AUTOS = YES_AGGRESSIVE;
				GCC_WARN_UNUSED_FUNCTION = YES;
				GCC_WARN_UNUSED_VARIABLE = YES;
				IPHONEOS_DEPLOYMENT_TARGET = 16.2;
				MTL_ENABLE_DEBUG_INFO = NO;
				MTL_FAST_MATH = YES;
				SDKROOT = iphoneos;
				SWIFT_COMPILATION_MODE = wholemodule;
				SWIFT_OPTIMIZATION_LEVEL = "-O";
				VALIDATE_PRODUCT = YES;
			};
			name = Release;
		};
		DE80A75F29E7590A00C842EE /* Debug */ = {
			isa = XCBuildConfiguration;
			buildSettings = {
				ASSETCATALOG_COMPILER_APPICON_NAME = AppIcon;
				ASSETCATALOG_COMPILER_GLOBAL_ACCENT_COLOR_NAME = AccentColor;
				CODE_SIGN_STYLE = Automatic;
				CURRENT_PROJECT_VERSION = 1;
				DEVELOPMENT_TEAM = TFAADZ4278;
				GENERATE_INFOPLIST_FILE = YES;
				INFOPLIST_FILE = EssentialApp/Info.plist;
				INFOPLIST_KEY_UIApplicationSupportsIndirectInputEvents = YES;
				INFOPLIST_KEY_UILaunchStoryboardName = LaunchScreen;
				INFOPLIST_KEY_UIMainStoryboardFile = Main;
				INFOPLIST_KEY_UISupportedInterfaceOrientations = UIInterfaceOrientationPortrait;
				INFOPLIST_KEY_UISupportedInterfaceOrientations_iPad = "UIInterfaceOrientationPortrait UIInterfaceOrientationPortraitUpsideDown";
				LD_RUNPATH_SEARCH_PATHS = (
					"$(inherited)",
					"@executable_path/Frameworks",
				);
				MARKETING_VERSION = 1.0;
				PRODUCT_BUNDLE_IDENTIFIER = app.kai7.EssentialApp;
				PRODUCT_NAME = "$(TARGET_NAME)";
				SUPPORTED_PLATFORMS = "iphoneos iphonesimulator";
				SUPPORTS_MACCATALYST = NO;
				SUPPORTS_MAC_DESIGNED_FOR_IPHONE_IPAD = YES;
				SWIFT_EMIT_LOC_STRINGS = YES;
				SWIFT_VERSION = 5.0;
				TARGETED_DEVICE_FAMILY = 1;
			};
			name = Debug;
		};
		DE80A76029E7590A00C842EE /* Release */ = {
			isa = XCBuildConfiguration;
			buildSettings = {
				ASSETCATALOG_COMPILER_APPICON_NAME = AppIcon;
				ASSETCATALOG_COMPILER_GLOBAL_ACCENT_COLOR_NAME = AccentColor;
				CODE_SIGN_STYLE = Automatic;
				CURRENT_PROJECT_VERSION = 1;
				DEVELOPMENT_TEAM = TFAADZ4278;
				GENERATE_INFOPLIST_FILE = YES;
				INFOPLIST_FILE = EssentialApp/Info.plist;
				INFOPLIST_KEY_UIApplicationSupportsIndirectInputEvents = YES;
				INFOPLIST_KEY_UILaunchStoryboardName = LaunchScreen;
				INFOPLIST_KEY_UIMainStoryboardFile = Main;
				INFOPLIST_KEY_UISupportedInterfaceOrientations = UIInterfaceOrientationPortrait;
				INFOPLIST_KEY_UISupportedInterfaceOrientations_iPad = "UIInterfaceOrientationPortrait UIInterfaceOrientationPortraitUpsideDown";
				LD_RUNPATH_SEARCH_PATHS = (
					"$(inherited)",
					"@executable_path/Frameworks",
				);
				MARKETING_VERSION = 1.0;
				PRODUCT_BUNDLE_IDENTIFIER = app.kai7.EssentialApp;
				PRODUCT_NAME = "$(TARGET_NAME)";
				SUPPORTED_PLATFORMS = "iphoneos iphonesimulator";
				SUPPORTS_MACCATALYST = NO;
				SUPPORTS_MAC_DESIGNED_FOR_IPHONE_IPAD = YES;
				SWIFT_EMIT_LOC_STRINGS = YES;
				SWIFT_VERSION = 5.0;
				TARGETED_DEVICE_FAMILY = 1;
			};
			name = Release;
		};
		DE80A76229E7590A00C842EE /* Debug */ = {
			isa = XCBuildConfiguration;
			buildSettings = {
				ALWAYS_EMBED_SWIFT_STANDARD_LIBRARIES = YES;
				BUNDLE_LOADER = "$(TEST_HOST)";
				CLANG_ENABLE_MODULES = YES;
				CODE_SIGN_STYLE = Automatic;
				CURRENT_PROJECT_VERSION = 1;
				DEVELOPMENT_TEAM = TFAADZ4278;
				GENERATE_INFOPLIST_FILE = YES;
				IPHONEOS_DEPLOYMENT_TARGET = 16.2;
				LD_RUNPATH_SEARCH_PATHS = (
					"$(inherited)",
					"@executable_path/Frameworks",
					"@loader_path/Frameworks",
				);
				MARKETING_VERSION = 1.0;
				PRODUCT_BUNDLE_IDENTIFIER = app.kai7.EssentialAppTests;
				PRODUCT_NAME = "$(TARGET_NAME)";
				SWIFT_EMIT_LOC_STRINGS = NO;
				SWIFT_OPTIMIZATION_LEVEL = "-Onone";
				SWIFT_VERSION = 5.0;
				TARGETED_DEVICE_FAMILY = "1,2";
				TEST_HOST = "$(BUILT_PRODUCTS_DIR)/EssentialApp.app/$(BUNDLE_EXECUTABLE_FOLDER_PATH)/EssentialApp";
			};
			name = Debug;
		};
		DE80A76329E7590A00C842EE /* Release */ = {
			isa = XCBuildConfiguration;
			buildSettings = {
				ALWAYS_EMBED_SWIFT_STANDARD_LIBRARIES = YES;
				BUNDLE_LOADER = "$(TEST_HOST)";
				CLANG_ENABLE_MODULES = YES;
				CODE_SIGN_STYLE = Automatic;
				CURRENT_PROJECT_VERSION = 1;
				DEVELOPMENT_TEAM = TFAADZ4278;
				GENERATE_INFOPLIST_FILE = YES;
				IPHONEOS_DEPLOYMENT_TARGET = 16.2;
				LD_RUNPATH_SEARCH_PATHS = (
					"$(inherited)",
					"@executable_path/Frameworks",
					"@loader_path/Frameworks",
				);
				MARKETING_VERSION = 1.0;
				PRODUCT_BUNDLE_IDENTIFIER = app.kai7.EssentialAppTests;
				PRODUCT_NAME = "$(TARGET_NAME)";
				SWIFT_EMIT_LOC_STRINGS = NO;
				SWIFT_VERSION = 5.0;
				TARGETED_DEVICE_FAMILY = "1,2";
				TEST_HOST = "$(BUILT_PRODUCTS_DIR)/EssentialApp.app/$(BUNDLE_EXECUTABLE_FOLDER_PATH)/EssentialApp";
			};
			name = Release;
		};
/* End XCBuildConfiguration section */

/* Begin XCConfigurationList section */
		DE80A72F29E7590900C842EE /* Build configuration list for PBXProject "EssentialApp" */ = {
			isa = XCConfigurationList;
			buildConfigurations = (
				DE80A75C29E7590A00C842EE /* Debug */,
				DE80A75D29E7590A00C842EE /* Release */,
			);
			defaultConfigurationIsVisible = 0;
			defaultConfigurationName = Release;
		};
		DE80A75E29E7590A00C842EE /* Build configuration list for PBXNativeTarget "EssentialApp" */ = {
			isa = XCConfigurationList;
			buildConfigurations = (
				DE80A75F29E7590A00C842EE /* Debug */,
				DE80A76029E7590A00C842EE /* Release */,
			);
			defaultConfigurationIsVisible = 0;
			defaultConfigurationName = Release;
		};
		DE80A76129E7590A00C842EE /* Build configuration list for PBXNativeTarget "EssentialAppTests" */ = {
			isa = XCConfigurationList;
			buildConfigurations = (
				DE80A76229E7590A00C842EE /* Debug */,
				DE80A76329E7590A00C842EE /* Release */,
			);
			defaultConfigurationIsVisible = 0;
			defaultConfigurationName = Release;
		};
/* End XCConfigurationList section */
	};
	rootObject = DE80A72C29E7590900C842EE /* Project object */;
}
